
Microsoft Visual Studio Solution File, Format Version 12.00
# Visual Studio Version 17
VisualStudioVersion = 17.8.34511.84
MinimumVisualStudioVersion = 10.0.40219.1
Project("{FAE04EC0-301F-11D3-BF4B-00C04F79EFBC}") = "GuerreroGendePabloTarea01", "GuerreroGendePabloTarea01.csproj", "{84188551-F440-43AA-8F10-E30F272827D0}"
EndProject
Global
	GlobalSection(SolutionConfigurationPlatforms) = preSolution
		Debug|Any CPU = Debug|Any CPU
		Release|Any CPU = Release|Any CPU
	EndGlobalSection
	GlobalSection(ProjectConfigurationPlatforms) = postSolution
		{84188551-F440-43AA-8F10-E30F272827D0}.Debug|Any CPU.ActiveCfg = Debug|Any CPU
		{84188551-F440-43AA-8F10-E30F272827D0}.Debug|Any CPU.Build.0 = Debug|Any CPU
		{84188551-F440-43AA-8F10-E30F272827D0}.Release|Any CPU.ActiveCfg = Release|Any CPU
		{84188551-F440-43AA-8F10-E30F272827D0}.Release|Any CPU.Build.0 = Release|Any CPU
	EndGlobalSection
	GlobalSection(SolutionProperties) = preSolution
		HideSolutionNode = FALSE
	EndGlobalSection
	GlobalSection(ExtensibilityGlobals) = postSolution
		SolutionGuid = {E806917E-D01E-4E8B-8F40-A3973B2C4613}
	EndGlobalSection
EndGlobal
